lockVersion: 2.0.0
id: 0cc65b82-51aa-4b48-abe2-b30dd7d394c3
management:
  docChecksum: 945345f5361b5b88bb3dfff2649710d4
  docVersion: 1.0.0
  speakeasyVersion: internal
  generationVersion: 2.237.3
  releaseVersion: 0.0.1
  configChecksum: 44889d90f6e34d39eea4d0277a378330
  installationURL: ssh://git@github.com:Venari-Inc/venari-ai-typescript-sdk.git
features:
  typescript:
    core: 3.4.6
    examples: 2.81.3
    flattening: 2.81.1
    globalSecurity: 2.82.2
    globalServerURLs: 2.82.1
generatedFiles:
  - src/sdk/inference.ts
  - src/sdk/search.ts
  - src/sdk/catalog.ts
  - src/sdk/sdk.ts
  - .eslintrc.yml
  - jest.config.js
  - package-lock.json
  - package.json
  - src/index.ts
  - src/internal/utils/contenttype.ts
  - src/internal/utils/headers.ts
  - src/internal/utils/index.ts
  - src/internal/utils/pathparams.ts
  - src/internal/utils/queryparams.ts
  - src/internal/utils/requestbody.ts
  - src/internal/utils/retries.ts
  - src/internal/utils/security.ts
  - src/internal/utils/utils.ts
  - src/sdk/index.ts
  - src/models/errors/sdkerror.ts
  - src/types/index.ts
  - src/types/rfcdate.ts
  - tsconfig.json
  - src/models/operations/sneakerid.ts
  - src/models/operations/sneakeridbatch.ts
  - src/models/operations/sneakeridasync.ts
  - src/models/operations/sneakeridbatchasync.ts
  - src/models/operations/productdata.ts
  - src/models/operations/catalogsearch.ts
  - src/models/operations/similarbyitem.ts
  - src/models/operations/catalogitemupdate.ts
  - src/models/operations/catalogitemadd.ts
  - src/models/components/metadata.ts
  - src/models/components/product.ts
  - src/models/components/sneakersidrequest.ts
  - src/models/components/sneakersidbatchrequest.ts
  - src/models/components/sneakersidasyncrequest.ts
  - src/models/components/sneakersidbatchasyncrequest.ts
  - src/models/components/productwithuuid.ts
  - src/models/components/searchresult.ts
  - src/models/components/searchsimilarbyitemresults.ts
  - src/models/components/similaritempayload.ts
  - src/models/components/catalogitem.ts
  - src/models/components/security.ts
  - src/models/errors/sneakerid.ts
  - src/models/errors/sneakeridbatch.ts
  - src/models/errors/sneakeridasync.ts
  - src/models/errors/sneakeridbatchasync.ts
  - src/models/errors/productdata.ts
  - src/models/errors/catalogsearch.ts
  - src/models/errors/similarbyitem.ts
  - src/models/errors/catalogitemupdate.ts
  - src/models/errors/catalogitemadd.ts
  - src/models/errors/index.ts
  - src/models/operations/index.ts
  - src/models/components/index.ts
  - docs/models/operations/sneakeridresponsebody.md
  - docs/models/operations/sneakeridresponse.md
  - docs/models/operations/sneakeridbatchresponsebody.md
  - docs/models/operations/sneakeridbatchresponse.md
  - docs/models/operations/sneakeridasyncresponsebody.md
  - docs/models/operations/sneakeridasyncresponse.md
  - docs/models/operations/sneakeridbatchasyncresponsebody.md
  - docs/models/operations/sneakeridbatchasyncresponse.md
  - docs/models/operations/productdatarequest.md
  - docs/models/operations/productdataresponse.md
  - docs/models/operations/catalogsearchrequest.md
  - docs/models/operations/catalogsearchresponse.md
  - docs/models/operations/similarbyitemresponse.md
  - docs/models/operations/status.md
  - docs/models/operations/catalogitemupdaterequestbody.md
  - docs/models/operations/catalogitemupdatestatus.md
  - docs/models/operations/catalogitemupdateresponsebody.md
  - docs/models/operations/catalogitemupdateresponse.md
  - docs/models/operations/catalogitemaddresponsebody.md
  - docs/models/operations/catalogitemaddresponse.md
  - docs/models/components/metadata.md
  - docs/models/components/colorweights.md
  - docs/models/components/upcs.md
  - docs/models/components/product.md
  - docs/models/components/sneakersidrequest.md
  - docs/models/components/sneakersidbatchrequest.md
  - docs/models/components/sneakersidasyncrequest.md
  - docs/models/components/sneakersidbatchasyncrequest.md
  - docs/models/components/productwithuuidcolorweights.md
  - docs/models/components/productwithuuidupcs.md
  - docs/models/components/productwithuuid.md
  - docs/models/components/searchresult.md
  - docs/models/components/searchsimilarbyitemresultsproducts.md
  - docs/models/components/products.md
  - docs/models/components/searchsimilarbyitemresults.md
  - docs/models/components/similaritempayload.md
  - docs/models/components/status.md
  - docs/models/components/images.md
  - docs/models/components/typet.md
  - docs/models/components/productcode.md
  - docs/models/components/variants.md
  - docs/models/components/catalogitem.md
  - docs/models/components/security.md
  - docs/models/errors/sneakeridinferenceresponseresponsebody.md
  - docs/models/errors/sneakeridinferenceresponsebody.md
  - docs/models/errors/sneakeridresponsebody.md
  - docs/models/errors/sneakeridbatchinferenceresponseresponsebody.md
  - docs/models/errors/sneakeridbatchinferenceresponsebody.md
  - docs/models/errors/sneakeridbatchresponsebody.md
  - docs/models/errors/sneakeridasyncinferenceresponseresponsebody.md
  - docs/models/errors/sneakeridasyncinferenceresponsebody.md
  - docs/models/errors/sneakeridasyncresponsebody.md
  - docs/models/errors/sneakeridbatchasyncinferenceresponseresponsebody.md
  - docs/models/errors/sneakeridbatchasyncinferenceresponsebody.md
  - docs/models/errors/sneakeridbatchasyncresponsebody.md
  - docs/models/errors/productdatasearchresponseresponsebody.md
  - docs/models/errors/productdatasearchresponsebody.md
  - docs/models/errors/productdataresponsebody.md
  - docs/models/errors/catalogsearchsearchresponseresponsebody.md
  - docs/models/errors/catalogsearchsearchresponsebody.md
  - docs/models/errors/catalogsearchresponsebody.md
  - docs/models/errors/similarbyitemsearchresponseresponsebody.md
  - docs/models/errors/similarbyitemsearchresponsebody.md
  - docs/models/errors/similarbyitemresponsebody.md
  - docs/models/errors/catalogitemupdatecatalogresponseresponsebody.md
  - docs/models/errors/catalogitemupdatecatalogresponsebody.md
  - docs/models/errors/catalogitemupdateresponsebody.md
  - docs/models/errors/catalogitemaddcatalogresponseresponsebody.md
  - docs/models/errors/catalogitemaddcatalogresponsebody.md
  - docs/models/errors/catalogitemaddresponsebody.md
  - docs/sdks/venariai/README.md
  - docs/sdks/inference/README.md
  - docs/sdks/search/README.md
  - docs/sdks/catalog/README.md
  - USAGE.md
  - .gitattributes
